
Microsoft Visual Studio Solution File, Format Version 12.00
# Visual Studio Version 17
VisualStudioVersion = 17.4.33110.190
MinimumVisualStudioVersion = 10.0.40219.1
Project("{FAE04EC0-301F-11D3-BF4B-00C04F79EFBC}") = "blackout-messenger.Android", "blackout-messenger\blackout-messenger.Android\blackout-messenger.Android.csproj", "{623821FA-E33A-4718-8F4A-EA3DBCF6ECFC}"
EndProject
Project("{FAE04EC0-301F-11D3-BF4B-00C04F79EFBC}") = "blackout-messenger", "blackout-messenger\blackout-messenger\blackout-messenger.csproj", "{FC2CD9B0-1C68-44BE-A758-54D05336A233}"
EndProject
Global
	GlobalSection(SolutionConfigurationPlatforms) = preSolution
		Debug|Any CPU = Debug|Any CPU
		Release|Any CPU = Release|Any CPU
	EndGlobalSection
	GlobalSection(ProjectConfigurationPlatforms) = postSolution
		{623821FA-E33A-4718-8F4A-EA3DBCF6ECFC}.Debug|Any CPU.ActiveCfg = Debug|Any CPU
		{623821FA-E33A-4718-8F4A-EA3DBCF6ECFC}.Debug|Any CPU.Build.0 = Debug|Any CPU
		{623821FA-E33A-4718-8F4A-EA3DBCF6ECFC}.Debug|Any CPU.Deploy.0 = Debug|Any CPU
		{623821FA-E33A-4718-8F4A-EA3DBCF6ECFC}.Release|Any CPU.ActiveCfg = Release|Any CPU
		{623821FA-E33A-4718-8F4A-EA3DBCF6ECFC}.Release|Any CPU.Build.0 = Release|Any CPU
		{623821FA-E33A-4718-8F4A-EA3DBCF6ECFC}.Release|Any CPU.Deploy.0 = Release|Any CPU
		{FC2CD9B0-1C68-44BE-A758-54D05336A233}.Debug|Any CPU.ActiveCfg = Debug|Any CPU
		{FC2CD9B0-1C68-44BE-A758-54D05336A233}.Debug|Any CPU.Build.0 = Debug|Any CPU
		{FC2CD9B0-1C68-44BE-A758-54D05336A233}.Debug|Any CPU.Deploy.0 = Debug|Any CPU
		{FC2CD9B0-1C68-44BE-A758-54D05336A233}.Release|Any CPU.ActiveCfg = Release|Any CPU
		{FC2CD9B0-1C68-44BE-A758-54D05336A233}.Release|Any CPU.Build.0 = Release|Any CPU
		{FC2CD9B0-1C68-44BE-A758-54D05336A233}.Release|Any CPU.Deploy.0 = Release|Any CPU
	EndGlobalSection
	GlobalSection(SolutionProperties) = preSolution
		HideSolutionNode = FALSE
	EndGlobalSection
	GlobalSection(ExtensibilityGlobals) = postSolution
		SolutionGuid = {7375538A-080F-4C4F-A546-0726AFD633F7}
	EndGlobalSection
EndGlobal
